
Microsoft Visual Studio Solution File, Format Version 12.00
# Visual Studio Version 16
VisualStudioVersion = 16.0.28917.181
MinimumVisualStudioVersion = 10.0.40219.1
Project("{9A19103F-16F7-4668-BE54-9A1E7A4F7556}") = "Kata.Main", "Kata.Main\Kata.Main.csproj", "{D8269DF7-B6FD-4D5C-9FB3-D15027973392}"
EndProject
Project("{FAE04EC0-301F-11D3-BF4B-00C04F79EFBC}") = "Kata.Tests", "Kata.Tests\Kata.Tests.csproj", "{54614DA5-A503-46BE-8842-261E2BC201BB}"
EndProject
Global
	GlobalSection(SolutionConfigurationPlatforms) = preSolution
		Debug|Any CPU = Debug|Any CPU
		Release|Any CPU = Release|Any CPU
	EndGlobalSection
	GlobalSection(ProjectConfigurationPlatforms) = postSolution
		{D8269DF7-B6FD-4D5C-9FB3-D15027973392}.Debug|Any CPU.ActiveCfg = Debug|Any CPU
		{D8269DF7-B6FD-4D5C-9FB3-D15027973392}.Debug|Any CPU.Build.0 = Debug|Any CPU
		{D8269DF7-B6FD-4D5C-9FB3-D15027973392}.Release|Any CPU.ActiveCfg = Release|Any CPU
		{D8269DF7-B6FD-4D5C-9FB3-D15027973392}.Release|Any CPU.Build.0 = Release|Any CPU
		{54614DA5-A503-46BE-8842-261E2BC201BB}.Debug|Any CPU.ActiveCfg = Debug|Any CPU
		{54614DA5-A503-46BE-8842-261E2BC201BB}.Debug|Any CPU.Build.0 = Debug|Any CPU
		{54614DA5-A503-46BE-8842-261E2BC201BB}.Release|Any CPU.ActiveCfg = Release|Any CPU
		{54614DA5-A503-46BE-8842-261E2BC201BB}.Release|Any CPU.Build.0 = Release|Any CPU
	EndGlobalSection
	GlobalSection(SolutionProperties) = preSolution
		HideSolutionNode = FALSE
	EndGlobalSection
	GlobalSection(ExtensibilityGlobals) = postSolution
		SolutionGuid = {D8C11111-DEC7-4084-B5D1-B1FFCA15CD41}
	EndGlobalSection
EndGlobal
